// !$*UTF8*$!
{
	archiveVersion = 1;
	classes = {
	};
	objectVersion = 46;
	objects = {

/* Begin PBXBuildFile section */
		5504854713EAF31D0001DFFD /* QuickLook.framework in Frameworks */ = {isa = PBXBuildFile; fileRef = 5504854613EAF31D0001DFFD /* QuickLook.framework */; };
		5504854B13EAF31D0001DFFD /* CoreServices.framework in Frameworks */ = {isa = PBXBuildFile; fileRef = 5504854A13EAF31D0001DFFD /* CoreServices.framework */; };
		5504854D13EAF31D0001DFFD /* CoreFoundation.framework in Frameworks */ = {isa = PBXBuildFile; fileRef = 5504854C13EAF31D0001DFFD /* CoreFoundation.framework */; };
		5504855313EAF31D0001DFFD /* InfoPlist.strings in Resources */ = {isa = PBXBuildFile; fileRef = 5504855113EAF31D0001DFFD /* InfoPlist.strings */; };
		5504855913EAF31D0001DFFD /* main.c in Sources */ = {isa = PBXBuildFile; fileRef = 5504855813EAF31D0001DFFD /* main.c */; };
		5504856D13EB42A60001DFFD /* Foundation.framework in Frameworks */ = {isa = PBXBuildFile; fileRef = 5504856C13EB42A60001DFFD /* Foundation.framework */; };
		5504856F13EB4FA60001DFFD /* template.html in Resources */ = {isa = PBXBuildFile; fileRef = 5504856E13EB4FA60001DFFD /* template.html */; };
		556F6D9F13EB83C500198718 /* MBTiles.h in Headers */ = {isa = PBXBuildFile; fileRef = 556F6D9D13EB83C500198718 /* MBTiles.h */; };
		556F6DA013EB83C500198718 /* MBTiles.m in Sources */ = {isa = PBXBuildFile; fileRef = 556F6D9E13EB83C500198718 /* MBTiles.m */; };
		557C0D2113EC7AC1004FB40C /* GeneratePreviewForURL.m in Sources */ = {isa = PBXBuildFile; fileRef = 557C0D2013EC7AC1004FB40C /* GeneratePreviewForURL.m */; };
		557C0D2313EC7AD5004FB40C /* GenerateThumbnailForURL.m in Sources */ = {isa = PBXBuildFile; fileRef = 557C0D2213EC7AD5004FB40C /* GenerateThumbnailForURL.m */; };
		DD079F091405B2AD006D9A19 /* libsqlite3.dylib in Frameworks */ = {isa = PBXBuildFile; fileRef = DD079F081405B2AD006D9A19 /* libsqlite3.dylib */; };
		DD6F0D7713F985D30055EFAE /* FMDatabase.h in Headers */ = {isa = PBXBuildFile; fileRef = DD6F0D7113F985D30055EFAE /* FMDatabase.h */; };
		DD6F0D7813F985D30055EFAE /* FMDatabase.m in Sources */ = {isa = PBXBuildFile; fileRef = DD6F0D7213F985D30055EFAE /* FMDatabase.m */; };
		DD6F0D7913F985D30055EFAE /* FMDatabaseAdditions.h in Headers */ = {isa = PBXBuildFile; fileRef = DD6F0D7313F985D30055EFAE /* FMDatabaseAdditions.h */; };
		DD6F0D7A13F985D30055EFAE /* FMDatabaseAdditions.m in Sources */ = {isa = PBXBuildFile; fileRef = DD6F0D7413F985D30055EFAE /* FMDatabaseAdditions.m */; };
		DD6F0D7B13F985D30055EFAE /* FMResultSet.h in Headers */ = {isa = PBXBuildFile; fileRef = DD6F0D7513F985D30055EFAE /* FMResultSet.h */; };
		DD6F0D7C13F985D30055EFAE /* FMResultSet.m in Sources */ = {isa = PBXBuildFile; fileRef = DD6F0D7613F985D30055EFAE /* FMResultSet.m */; };
/* End PBXBuildFile section */

/* Begin PBXFileReference section */
		5504854313EAF31D0001DFFD /* MBTiles.qlgenerator */ = {isa = PBXFileReference; explicitFileType = wrapper.cfbundle; includeInIndex = 0; path = MBTiles.qlgenerator; sourceTree = BUILT_PRODUCTS_DIR; };
		5504854613EAF31D0001DFFD /* QuickLook.framework */ = {isa = PBXFileReference; lastKnownFileType = wrapper.framework; name = QuickLook.framework; path = System/Library/Frameworks/QuickLook.framework; sourceTree = SDKROOT; };
		5504854A13EAF31D0001DFFD /* CoreServices.framework */ = {isa = PBXFileReference; lastKnownFileType = wrapper.framework; name = CoreServices.framework; path = System/Library/Frameworks/CoreServices.framework; sourceTree = SDKROOT; };
		5504854C13EAF31D0001DFFD /* CoreFoundation.framework */ = {isa = PBXFileReference; lastKnownFileType = wrapper.framework; name = CoreFoundation.framework; path = System/Library/Frameworks/CoreFoundation.framework; sourceTree = SDKROOT; };
		5504855013EAF31D0001DFFD /* MBTilesQuickLook-Info.plist */ = {isa = PBXFileReference; lastKnownFileType = text.plist.xml; path = "MBTilesQuickLook-Info.plist"; sourceTree = "<group>"; };
		5504855213EAF31D0001DFFD /* en */ = {isa = PBXFileReference; lastKnownFileType = text.plist.strings; name = en; path = en.lproj/InfoPlist.strings; sourceTree = "<group>"; };
		5504855813EAF31D0001DFFD /* main.c */ = {isa = PBXFileReference; lastKnownFileType = sourcecode.c.c; path = main.c; sourceTree = "<group>"; };
		5504855A13EAF31D0001DFFD /* MBTilesQuickLook-Prefix.pch */ = {isa = PBXFileReference; lastKnownFileType = sourcecode.c.h; path = "MBTilesQuickLook-Prefix.pch"; sourceTree = "<group>"; };
		5504856C13EB42A60001DFFD /* Foundation.framework */ = {isa = PBXFileReference; lastKnownFileType = wrapper.framework; name = Foundation.framework; path = System/Library/Frameworks/Foundation.framework; sourceTree = SDKROOT; };
		5504856E13EB4FA60001DFFD /* template.html */ = {isa = PBXFileReference; fileEncoding = 4; lastKnownFileType = text.html; path = template.html; sourceTree = "<group>"; };
		556F6D9D13EB83C500198718 /* MBTiles.h */ = {isa = PBXFileReference; fileEncoding = 4; lastKnownFileType = sourcecode.c.h; path = MBTiles.h; sourceTree = "<group>"; };
		556F6D9E13EB83C500198718 /* MBTiles.m */ = {isa = PBXFileReference; fileEncoding = 4; lastKnownFileType = sourcecode.c.objc; path = MBTiles.m; sourceTree = "<group>"; };
		557C0D2013EC7AC1004FB40C /* GeneratePreviewForURL.m */ = {isa = PBXFileReference; fileEncoding = 4; lastKnownFileType = sourcecode.c.objc; path = GeneratePreviewForURL.m; sourceTree = "<group>"; };
		557C0D2213EC7AD5004FB40C /* GenerateThumbnailForURL.m */ = {isa = PBXFileReference; fileEncoding = 4; lastKnownFileType = sourcecode.c.objc; path = GenerateThumbnailForURL.m; sourceTree = "<group>"; };
		DD079F081405B2AD006D9A19 /* libsqlite3.dylib */ = {isa = PBXFileReference; lastKnownFileType = "compiled.mach-o.dylib"; name = libsqlite3.dylib; path = usr/lib/libsqlite3.dylib; sourceTree = SDKROOT; };
		DD6F0D7113F985D30055EFAE /* FMDatabase.h */ = {isa = PBXFileReference; fileEncoding = 4; lastKnownFileType = sourcecode.c.h; name = FMDatabase.h; path = ../../Externals/FMDB/src/FMDatabase.h; sourceTree = "<group>"; };
		DD6F0D7213F985D30055EFAE /* FMDatabase.m */ = {isa = PBXFileReference; fileEncoding = 4; lastKnownFileType = sourcecode.c.objc; name = FMDatabase.m; path = ../../Externals/FMDB/src/FMDatabase.m; sourceTree = "<group>"; };
		DD6F0D7313F985D30055EFAE /* FMDatabaseAdditions.h */ = {isa = PBXFileReference; fileEncoding = 4; lastKnownFileType = sourcecode.c.h; name = FMDatabaseAdditions.h; path = ../../Externals/FMDB/src/FMDatabaseAdditions.h; sourceTree = "<group>"; };
		DD6F0D7413F985D30055EFAE /* FMDatabaseAdditions.m */ = {isa = PBXFileReference; fileEncoding = 4; lastKnownFileType = sourcecode.c.objc; name = FMDatabaseAdditions.m; path = ../../Externals/FMDB/src/FMDatabaseAdditions.m; sourceTree = "<group>"; };
		DD6F0D7513F985D30055EFAE /* FMResultSet.h */ = {isa = PBXFileReference; fileEncoding = 4; lastKnownFileType = sourcecode.c.h; name = FMResultSet.h; path = ../../Externals/FMDB/src/FMResultSet.h; sourceTree = "<group>"; };
		DD6F0D7613F985D30055EFAE /* FMResultSet.m */ = {isa = PBXFileReference; fileEncoding = 4; lastKnownFileType = sourcecode.c.objc; name = FMResultSet.m; path = ../../Externals/FMDB/src/FMResultSet.m; sourceTree = "<group>"; };
/* End PBXFileReference section */

/* Begin PBXFrameworksBuildPhase section */
		5504853E13EAF31D0001DFFD /* Frameworks */ = {
			isa = PBXFrameworksBuildPhase;
			buildActionMask = 2147483647;
			files = (
				5504854D13EAF31D0001DFFD /* CoreFoundation.framework in Frameworks */,
				5504854B13EAF31D0001DFFD /* CoreServices.framework in Frameworks */,
				5504856D13EB42A60001DFFD /* Foundation.framework in Frameworks */,
				5504854713EAF31D0001DFFD /* QuickLook.framework in Frameworks */,
				DD079F091405B2AD006D9A19 /* libsqlite3.dylib in Frameworks */,
			);
			runOnlyForDeploymentPostprocessing = 0;
		};
/* End PBXFrameworksBuildPhase section */

/* Begin PBXGroup section */
		5504853613EAF31D0001DFFD = {
			isa = PBXGroup;
			children = (
				5504854E13EAF31D0001DFFD /* Plugin */,
				5504854F13EAF31D0001DFFD /* Supporting Files */,
				DD6F0D1B13F97A0B0055EFAE /* Externals */,
				5504854513EAF31D0001DFFD /* Frameworks */,
				5504854413EAF31D0001DFFD /* Products */,
			);
			sourceTree = "<group>";
		};
		5504854413EAF31D0001DFFD /* Products */ = {
			isa = PBXGroup;
			children = (
				5504854313EAF31D0001DFFD /* MBTiles.qlgenerator */,
			);
			name = Products;
			sourceTree = "<group>";
		};
		5504854513EAF31D0001DFFD /* Frameworks */ = {
			isa = PBXGroup;
			children = (
				5504854C13EAF31D0001DFFD /* CoreFoundation.framework */,
				5504854A13EAF31D0001DFFD /* CoreServices.framework */,
				5504856C13EB42A60001DFFD /* Foundation.framework */,
				5504854613EAF31D0001DFFD /* QuickLook.framework */,
				DD079F081405B2AD006D9A19 /* libsqlite3.dylib */,
			);
			name = Frameworks;
			sourceTree = "<group>";
		};
		5504854E13EAF31D0001DFFD /* Plugin */ = {
			isa = PBXGroup;
			children = (
				5504855813EAF31D0001DFFD /* main.c */,
				557C0D2013EC7AC1004FB40C /* GeneratePreviewForURL.m */,
				557C0D2213EC7AD5004FB40C /* GenerateThumbnailForURL.m */,
				556F6D9D13EB83C500198718 /* MBTiles.h */,
				556F6D9E13EB83C500198718 /* MBTiles.m */,
			);
			name = Plugin;
			path = MBTilesQuickLook;
			sourceTree = "<group>";
		};
		5504854F13EAF31D0001DFFD /* Supporting Files */ = {
			isa = PBXGroup;
			children = (
				5504855A13EAF31D0001DFFD /* MBTilesQuickLook-Prefix.pch */,
				5504855013EAF31D0001DFFD /* MBTilesQuickLook-Info.plist */,
				5504855113EAF31D0001DFFD /* InfoPlist.strings */,
				5504856E13EB4FA60001DFFD /* template.html */,
			);
			name = "Supporting Files";
			path = MBTilesQuickLook;
			sourceTree = "<group>";
		};
		DD6F0D1B13F97A0B0055EFAE /* Externals */ = {
			isa = PBXGroup;
			children = (
				DD6F0D1C13F97A1B0055EFAE /* FMDB */,
			);
			name = Externals;
			path = MBTilesQuickLook;
			sourceTree = "<group>";
		};
		DD6F0D1C13F97A1B0055EFAE /* FMDB */ = {
			isa = PBXGroup;
			children = (
				DD6F0D7113F985D30055EFAE /* FMDatabase.h */,
				DD6F0D7213F985D30055EFAE /* FMDatabase.m */,
				DD6F0D7313F985D30055EFAE /* FMDatabaseAdditions.h */,
				DD6F0D7413F985D30055EFAE /* FMDatabaseAdditions.m */,
				DD6F0D7513F985D30055EFAE /* FMResultSet.h */,
				DD6F0D7613F985D30055EFAE /* FMResultSet.m */,
			);
			name = FMDB;
			sourceTree = "<group>";
		};
/* End PBXGroup section */

/* Begin PBXHeadersBuildPhase section */
		5504853F13EAF31D0001DFFD /* Headers */ = {
			isa = PBXHeadersBuildPhase;
			buildActionMask = 2147483647;
			files = (
				556F6D9F13EB83C500198718 /* MBTiles.h in Headers */,
				DD6F0D7713F985D30055EFAE /* FMDatabase.h in Headers */,
				DD6F0D7913F985D30055EFAE /* FMDatabaseAdditions.h in Headers */,
				DD6F0D7B13F985D30055EFAE /* FMResultSet.h in Headers */,
			);
			runOnlyForDeploymentPostprocessing = 0;
		};
/* End PBXHeadersBuildPhase section */

/* Begin PBXNativeTarget section */
		5504854213EAF31D0001DFFD /* MBTilesQuickLook */ = {
			isa = PBXNativeTarget;
			buildConfigurationList = 5504855D13EAF31D0001DFFD /* Build configuration list for PBXNativeTarget "MBTilesQuickLook" */;
			buildPhases = (
				5504853D13EAF31D0001DFFD /* Sources */,
				5504853E13EAF31D0001DFFD /* Frameworks */,
				5504853F13EAF31D0001DFFD /* Headers */,
				5504854013EAF31D0001DFFD /* Resources */,
				5504854113EAF31D0001DFFD /* Rez */,
			);
			buildRules = (
			);
			dependencies = (
			);
			name = MBTilesQuickLook;
			productName = MBTilesQuickLook;
			productReference = 5504854313EAF31D0001DFFD /* MBTiles.qlgenerator */;
			productType = "com.apple.product-type.bundle";
		};
/* End PBXNativeTarget section */

/* Begin PBXProject section */
		5504853813EAF31D0001DFFD /* Project object */ = {
			isa = PBXProject;
			attributes = {
				LastUpgradeCheck = 0420;
			};
			buildConfigurationList = 5504853B13EAF31D0001DFFD /* Build configuration list for PBXProject "MBTilesQuickLook" */;
			compatibilityVersion = "Xcode 3.2";
			developmentRegion = English;
			hasScannedForEncodings = 0;
			knownRegions = (
				en,
				English,
			);
			mainGroup = 5504853613EAF31D0001DFFD;
			productRefGroup = 5504854413EAF31D0001DFFD /* Products */;
			projectDirPath = "";
			projectRoot = "";
			targets = (
				5504854213EAF31D0001DFFD /* MBTilesQuickLook */,
			);
		};
/* End PBXProject section */

/* Begin PBXResourcesBuildPhase section */
		5504854013EAF31D0001DFFD /* Resources */ = {
			isa = PBXResourcesBuildPhase;
			buildActionMask = 2147483647;
			files = (
				5504855313EAF31D0001DFFD /* InfoPlist.strings in Resources */,
				5504856F13EB4FA60001DFFD /* template.html in Resources */,
			);
			runOnlyForDeploymentPostprocessing = 0;
		};
/* End PBXResourcesBuildPhase section */

/* Begin PBXRezBuildPhase section */
		5504854113EAF31D0001DFFD /* Rez */ = {
			isa = PBXRezBuildPhase;
			buildActionMask = 2147483647;
			files = (
			);
			runOnlyForDeploymentPostprocessing = 0;
		};
/* End PBXRezBuildPhase section */

/* Begin PBXSourcesBuildPhase section */
		5504853D13EAF31D0001DFFD /* Sources */ = {
			isa = PBXSourcesBuildPhase;
			buildActionMask = 2147483647;
			files = (
				5504855913EAF31D0001DFFD /* main.c in Sources */,
				556F6DA013EB83C500198718 /* MBTiles.m in Sources */,
				557C0D2113EC7AC1004FB40C /* GeneratePreviewForURL.m in Sources */,
				557C0D2313EC7AD5004FB40C /* GenerateThumbnailForURL.m in Sources */,
				DD6F0D7813F985D30055EFAE /* FMDatabase.m in Sources */,
				DD6F0D7A13F985D30055EFAE /* FMDatabaseAdditions.m in Sources */,
				DD6F0D7C13F985D30055EFAE /* FMResultSet.m in Sources */,
			);
			runOnlyForDeploymentPostprocessing = 0;
		};
/* End PBXSourcesBuildPhase section */

/* Begin PBXVariantGroup section */
		5504855113EAF31D0001DFFD /* InfoPlist.strings */ = {
			isa = PBXVariantGroup;
			children = (
				5504855213EAF31D0001DFFD /* en */,
			);
			name = InfoPlist.strings;
			sourceTree = "<group>";
		};
/* End PBXVariantGroup section */

/* Begin XCBuildConfiguration section */
		5504855B13EAF31D0001DFFD /* Debug */ = {
			isa = XCBuildConfiguration;
			buildSettings = {
				ALWAYS_SEARCH_USER_PATHS = NO;
				ARCHS = "$(ARCHS_STANDARD_32_64_BIT)";
				COPY_PHASE_STRIP = NO;
				GCC_C_LANGUAGE_STANDARD = gnu99;
				GCC_DYNAMIC_NO_PIC = NO;
				GCC_ENABLE_OBJC_EXCEPTIONS = YES;
				GCC_OPTIMIZATION_LEVEL = 0;
				GCC_PREPROCESSOR_DEFINITIONS = (
					"DEBUG=1",
					"$(inherited)",
				);
				GCC_SYMBOLS_PRIVATE_EXTERN = NO;
				GCC_WARN_64_TO_32_BIT_CONVERSION = YES;
				GCC_WARN_ABOUT_MISSING_PROTOTYPES = YES;
				GCC_WARN_ABOUT_RETURN_TYPE = YES;
				GCC_WARN_UNUSED_VARIABLE = YES;
				MACOSX_DEPLOYMENT_TARGET = 10.6;
				ONLY_ACTIVE_ARCH = YES;
				SDKROOT = macosx;
			};
			name = Debug;
		};
		5504855C13EAF31D0001DFFD /* Release */ = {
			isa = XCBuildConfiguration;
			buildSettings = {
				ALWAYS_SEARCH_USER_PATHS = NO;
				ARCHS = "$(ARCHS_STANDARD_32_64_BIT)";
				COPY_PHASE_STRIP = YES;
				DEBUG_INFORMATION_FORMAT = "dwarf-with-dsym";
				GCC_C_LANGUAGE_STANDARD = gnu99;
				GCC_ENABLE_OBJC_EXCEPTIONS = YES;
				GCC_WARN_64_TO_32_BIT_CONVERSION = YES;
				GCC_WARN_ABOUT_MISSING_PROTOTYPES = YES;
				GCC_WARN_ABOUT_RETURN_TYPE = YES;
				GCC_WARN_UNUSED_VARIABLE = YES;
				MACOSX_DEPLOYMENT_TARGET = 10.6;
				SDKROOT = macosx;
			};
			name = Release;
		};
		5504855E13EAF31D0001DFFD /* Debug */ = {
			isa = XCBuildConfiguration;
			buildSettings = {
				GCC_PRECOMPILE_PREFIX_HEADER = YES;
				GCC_PREFIX_HEADER = "MBTilesQuickLook/MBTilesQuickLook-Prefix.pch";
				INFOPLIST_FILE = "MBTilesQuickLook/MBTilesQuickLook-Info.plist";
				INSTALL_PATH = /Library/QuickLook;
				PRODUCT_NAME = MBTiles;
				WRAPPER_EXTENSION = qlgenerator;
			};
			name = Debug;
		};
		5504855F13EAF31D0001DFFD /* Release */ = {
			isa = XCBuildConfiguration;
			buildSettings = {
				GCC_PRECOMPILE_PREFIX_HEADER = YES;
				GCC_PREFIX_HEADER = "MBTilesQuickLook/MBTilesQuickLook-Prefix.pch";
				INFOPLIST_FILE = "MBTilesQuickLook/MBTilesQuickLook-Info.plist";
				INSTALL_PATH = /Library/QuickLook;
				PRODUCT_NAME = MBTiles;
				WRAPPER_EXTENSION = qlgenerator;
			};
			name = Release;
		};
/* End XCBuildConfiguration section */

/* Begin XCConfigurationList section */
		5504853B13EAF31D0001DFFD /* Build configuration list for PBXProject "MBTilesQuickLook" */ = {
			isa = XCConfigurationList;
			buildConfigurations = (
				5504855B13EAF31D0001DFFD /* Debug */,
				5504855C13EAF31D0001DFFD /* Release */,
			);
			defaultConfigurationIsVisible = 0;
			defaultConfigurationName = Release;
		};
		5504855D13EAF31D0001DFFD /* Build configuration list for PBXNativeTarget "MBTilesQuickLook" */ = {
			isa = XCConfigurationList;
			buildConfigurations = (
				5504855E13EAF31D0001DFFD /* Debug */,
				5504855F13EAF31D0001DFFD /* Release */,
			);
			defaultConfigurationIsVisible = 0;
			defaultConfigurationName = Release;
		};
/* End XCConfigurationList section */
	};
	rootObject = 5504853813EAF31D0001DFFD /* Project object */;
}
