// !$*UTF8*$!
{
	archiveVersion = 1;
	classes = {
	};
	objectVersion = 46;
	objects = {

/* Begin PBXBuildFile section */
		1DDD58160DA1D0A300B32029 /* MainMenu.xib in Resources */ = {isa = PBXBuildFile; fileRef = 1DDD58140DA1D0A300B32029 /* MainMenu.xib */; };
		35B36EA313D260C6006C72ED /* TileMillAppDelegate.m in Sources */ = {isa = PBXBuildFile; fileRef = 35B36EA213D260C6006C72ED /* TileMillAppDelegate.m */; };
		35D15E0E13D25D9D003244AE /* TileMillChildProcess.m in Sources */ = {isa = PBXBuildFile; fileRef = 35D15E0D13D25D9D003244AE /* TileMillChildProcess.m */; };
		8D11072B0486CEB800E47090 /* InfoPlist.strings in Resources */ = {isa = PBXBuildFile; fileRef = 089C165CFE840E0CC02AAC07 /* InfoPlist.strings */; };
		8D11072D0486CEB800E47090 /* main.m in Sources */ = {isa = PBXBuildFile; fileRef = 29B97316FDCFA39411CA2CEA /* main.m */; settings = {ATTRIBUTES = (); }; };
		D738213C13EB4FE500639A03 /* application.icns in Resources */ = {isa = PBXBuildFile; fileRef = D738213B13EB4FE500639A03 /* application.icns */; };
		D738213F13EB500D00639A03 /* tilemill.icns in Resources */ = {isa = PBXBuildFile; fileRef = D738213E13EB500C00639A03 /* tilemill.icns */; };
		D745087913E9EC160020D8CD /* mbtiles.icns in Resources */ = {isa = PBXBuildFile; fileRef = D745087813E9EC160020D8CD /* mbtiles.icns */; };
		DD0A9E8117CC1F16009BA944 /* TileMillDatabaseWatcher.m in Sources */ = {isa = PBXBuildFile; fileRef = DD0A9E8017CC1F16009BA944 /* TileMillDatabaseWatcher.m */; };
		DD0C4C2618C11F6600515E1C /* tilemill.sh in Resources */ = {isa = PBXBuildFile; fileRef = DD0C4C2518C11F6600515E1C /* tilemill.sh */; };
		DD35FE0214461B8A00455DAA /* TileMillBrowserWindowController.m in Sources */ = {isa = PBXBuildFile; fileRef = DD35FE0114461B8A00455DAA /* TileMillBrowserWindowController.m */; };
		DD35FE0414461BA900455DAA /* TileMillBrowserWindow.xib in Resources */ = {isa = PBXBuildFile; fileRef = DD35FE0314461BA900455DAA /* TileMillBrowserWindow.xib */; };
		DD49236B1403254D0004E12F /* dsa_public.pem in Resources */ = {isa = PBXBuildFile; fileRef = DD49236A1403254D0004E12F /* dsa_public.pem */; };
		DD4F9DDC1419914400278ECD /* PFMoveApplication.m in Sources */ = {isa = PBXBuildFile; fileRef = DD4F9DDB1419914400278ECD /* PFMoveApplication.m */; settings = {COMPILER_FLAGS = "-fno-objc-arc"; }; };
		DD4F9DE2141991A400278ECD /* Security.framework in Frameworks */ = {isa = PBXBuildFile; fileRef = DD4F9DE1141991A400278ECD /* Security.framework */; };
		DD4F9DE51419923C00278ECD /* NSString+SymlinksAndAliases.m in Sources */ = {isa = PBXBuildFile; fileRef = DD4F9DE41419923C00278ECD /* NSString+SymlinksAndAliases.m */; settings = {COMPILER_FLAGS = "-fno-objc-arc"; }; };
		DD5904CC147AE1A900BF4AD0 /* WebKit.framework in Frameworks */ = {isa = PBXBuildFile; fileRef = DD5904CB147AE1A900BF4AD0 /* WebKit.framework */; };
		DD6F0D5D13F981140055EFAE /* Cocoa.framework in Frameworks */ = {isa = PBXBuildFile; fileRef = DD6F0D5C13F981140055EFAE /* Cocoa.framework */; };
		DD6F0D6113F982770055EFAE /* MBTiles.qlgenerator in Copy QuickLook Plugin */ = {isa = PBXBuildFile; fileRef = DD6F0D4F13F97F120055EFAE /* MBTiles.qlgenerator */; };
		DD6F0DBE13F989550055EFAE /* MBTiles.mdimporter in Copy Spotlight Importer */ = {isa = PBXBuildFile; fileRef = DD6F0DBA13F989220055EFAE /* MBTiles.mdimporter */; };
/* End PBXBuildFile section */

/* Begin PBXContainerItemProxy section */
		DD6F0D4E13F97F120055EFAE /* PBXContainerItemProxy */ = {
			isa = PBXContainerItemProxy;
			containerPortal = DD6F0D4713F97F120055EFAE /* MBTilesQuickLook.xcodeproj */;
			proxyType = 2;
			remoteGlobalIDString = 5504854313EAF31D0001DFFD;
			remoteInfo = MBTilesQuickLook;
		};
		DD6F0D5F13F981A50055EFAE /* PBXContainerItemProxy */ = {
			isa = PBXContainerItemProxy;
			containerPortal = DD6F0D4713F97F120055EFAE /* MBTilesQuickLook.xcodeproj */;
			proxyType = 1;
			remoteGlobalIDString = 5504854213EAF31D0001DFFD;
			remoteInfo = MBTilesQuickLook;
		};
		DD6F0DB913F989220055EFAE /* PBXContainerItemProxy */ = {
			isa = PBXContainerItemProxy;
			containerPortal = DD6F0DB213F989210055EFAE /* MBTiles Spotlight Importer.xcodeproj */;
			proxyType = 2;
			remoteGlobalIDString = 8D576316048677EA00EA77CD;
			remoteInfo = "MBTiles Spotlight Importer";
		};
		DD6F0DBB13F9892F0055EFAE /* PBXContainerItemProxy */ = {
			isa = PBXContainerItemProxy;
			containerPortal = DD6F0DB213F989210055EFAE /* MBTiles Spotlight Importer.xcodeproj */;
			proxyType = 1;
			remoteGlobalIDString = 8D57630D048677EA00EA77CD;
			remoteInfo = "MBTiles Spotlight Importer";
		};
/* End PBXContainerItemProxy section */

/* Begin PBXCopyFilesBuildPhase section */
		DD6F0D5E13F981820055EFAE /* Copy QuickLook Plugin */ = {
			isa = PBXCopyFilesBuildPhase;
			buildActionMask = 2147483647;
			dstPath = Contents/Library/QuickLook;
			dstSubfolderSpec = 1;
			files = (
				DD6F0D6113F982770055EFAE /* MBTiles.qlgenerator in Copy QuickLook Plugin */,
			);
			name = "Copy QuickLook Plugin";
			runOnlyForDeploymentPostprocessing = 0;
		};
		DD6F0DBD13F989380055EFAE /* Copy Spotlight Importer */ = {
			isa = PBXCopyFilesBuildPhase;
			buildActionMask = 2147483647;
			dstPath = Contents/Library/Spotlight;
			dstSubfolderSpec = 1;
			files = (
				DD6F0DBE13F989550055EFAE /* MBTiles.mdimporter in Copy Spotlight Importer */,
			);
			name = "Copy Spotlight Importer";
			runOnlyForDeploymentPostprocessing = 0;
		};
		DDE496FD13FEAD63006E35F3 /* Copy Frameworks */ = {
			isa = PBXCopyFilesBuildPhase;
			buildActionMask = 2147483647;
			dstPath = "";
			dstSubfolderSpec = 10;
			files = (
			);
			name = "Copy Frameworks";
			runOnlyForDeploymentPostprocessing = 0;
		};
/* End PBXCopyFilesBuildPhase section */

/* Begin PBXFileReference section */
		089C165DFE840E0CC02AAC07 /* English */ = {isa = PBXFileReference; fileEncoding = 4; lastKnownFileType = text.plist.strings; name = English; path = English.lproj/InfoPlist.strings; sourceTree = "<group>"; };
		1DDD58150DA1D0A300B32029 /* English */ = {isa = PBXFileReference; lastKnownFileType = file.xib; name = English; path = English.lproj/MainMenu.xib; sourceTree = "<group>"; };
		256AC3F00F4B6AF500CF3369 /* tilemill_Prefix.pch */ = {isa = PBXFileReference; fileEncoding = 4; lastKnownFileType = sourcecode.c.h; path = tilemill_Prefix.pch; sourceTree = "<group>"; };
		29B97316FDCFA39411CA2CEA /* main.m */ = {isa = PBXFileReference; fileEncoding = 4; lastKnownFileType = sourcecode.c.objc; path = main.m; sourceTree = "<group>"; };
		35B36EA113D260C6006C72ED /* TileMillAppDelegate.h */ = {isa = PBXFileReference; fileEncoding = 4; lastKnownFileType = sourcecode.c.h; path = TileMillAppDelegate.h; sourceTree = "<group>"; };
		35B36EA213D260C6006C72ED /* TileMillAppDelegate.m */ = {isa = PBXFileReference; fileEncoding = 4; lastKnownFileType = sourcecode.c.objc; path = TileMillAppDelegate.m; sourceTree = "<group>"; };
		35D15E0C13D25D9D003244AE /* TileMillChildProcess.h */ = {isa = PBXFileReference; fileEncoding = 4; lastKnownFileType = sourcecode.c.h; path = TileMillChildProcess.h; sourceTree = "<group>"; };
		35D15E0D13D25D9D003244AE /* TileMillChildProcess.m */ = {isa = PBXFileReference; fileEncoding = 4; lastKnownFileType = sourcecode.c.objc; path = TileMillChildProcess.m; sourceTree = "<group>"; };
		8D1107310486CEB800E47090 /* tilemill-Info.plist */ = {isa = PBXFileReference; fileEncoding = 4; lastKnownFileType = text.plist.xml; path = "tilemill-Info.plist"; sourceTree = "<group>"; };
		8D1107320486CEB800E47090 /* TileMill.app */ = {isa = PBXFileReference; explicitFileType = wrapper.application; includeInIndex = 0; path = TileMill.app; sourceTree = BUILT_PRODUCTS_DIR; };
		D738213B13EB4FE500639A03 /* application.icns */ = {isa = PBXFileReference; lastKnownFileType = image.icns; path = application.icns; sourceTree = "<group>"; };
		D738213E13EB500C00639A03 /* tilemill.icns */ = {isa = PBXFileReference; lastKnownFileType = image.icns; path = tilemill.icns; sourceTree = "<group>"; };
		D745087813E9EC160020D8CD /* mbtiles.icns */ = {isa = PBXFileReference; lastKnownFileType = image.icns; path = mbtiles.icns; sourceTree = "<group>"; };
		DD0A9E7F17CC1F16009BA944 /* TileMillDatabaseWatcher.h */ = {isa = PBXFileReference; fileEncoding = 4; lastKnownFileType = sourcecode.c.h; path = TileMillDatabaseWatcher.h; sourceTree = "<group>"; };
		DD0A9E8017CC1F16009BA944 /* TileMillDatabaseWatcher.m */ = {isa = PBXFileReference; fileEncoding = 4; lastKnownFileType = sourcecode.c.objc; path = TileMillDatabaseWatcher.m; sourceTree = "<group>"; };
		DD0C4C2518C11F6600515E1C /* tilemill.sh */ = {isa = PBXFileReference; fileEncoding = 4; lastKnownFileType = text.script.sh; path = tilemill.sh; sourceTree = "<group>"; };
		DD35FE0014461B8A00455DAA /* TileMillBrowserWindowController.h */ = {isa = PBXFileReference; fileEncoding = 4; lastKnownFileType = sourcecode.c.h; path = TileMillBrowserWindowController.h; sourceTree = "<group>"; };
		DD35FE0114461B8A00455DAA /* TileMillBrowserWindowController.m */ = {isa = PBXFileReference; fileEncoding = 4; lastKnownFileType = sourcecode.c.objc; path = TileMillBrowserWindowController.m; sourceTree = "<group>"; };
		DD35FE0314461BA900455DAA /* TileMillBrowserWindow.xib */ = {isa = PBXFileReference; fileEncoding = 4; lastKnownFileType = file.xib; path = TileMillBrowserWindow.xib; sourceTree = "<group>"; };
		DD49236A1403254D0004E12F /* dsa_public.pem */ = {isa = PBXFileReference; fileEncoding = 4; lastKnownFileType = text; path = dsa_public.pem; sourceTree = "<group>"; };
		DD4F9DDA1419914400278ECD /* PFMoveApplication.h */ = {isa = PBXFileReference; fileEncoding = 4; lastKnownFileType = sourcecode.c.h; name = PFMoveApplication.h; path = Externals/LetsMove/PFMoveApplication.h; sourceTree = "<group>"; };
		DD4F9DDB1419914400278ECD /* PFMoveApplication.m */ = {isa = PBXFileReference; fileEncoding = 4; lastKnownFileType = sourcecode.c.objc; name = PFMoveApplication.m; path = Externals/LetsMove/PFMoveApplication.m; sourceTree = "<group>"; };
		DD4F9DE1141991A400278ECD /* Security.framework */ = {isa = PBXFileReference; lastKnownFileType = wrapper.framework; name = Security.framework; path = System/Library/Frameworks/Security.framework; sourceTree = SDKROOT; };
		DD4F9DE31419923C00278ECD /* NSString+SymlinksAndAliases.h */ = {isa = PBXFileReference; fileEncoding = 4; lastKnownFileType = sourcecode.c.h; name = "NSString+SymlinksAndAliases.h"; path = "Externals/LetsMove/NSString+SymlinksAndAliases.h"; sourceTree = "<group>"; };
		DD4F9DE41419923C00278ECD /* NSString+SymlinksAndAliases.m */ = {isa = PBXFileReference; fileEncoding = 4; lastKnownFileType = sourcecode.c.objc; name = "NSString+SymlinksAndAliases.m"; path = "Externals/LetsMove/NSString+SymlinksAndAliases.m"; sourceTree = "<group>"; };
		DD5904CB147AE1A900BF4AD0 /* WebKit.framework */ = {isa = PBXFileReference; lastKnownFileType = wrapper.framework; name = WebKit.framework; path = System/Library/Frameworks/WebKit.framework; sourceTree = SDKROOT; };
		DD6F0D4713F97F120055EFAE /* MBTilesQuickLook.xcodeproj */ = {isa = PBXFileReference; lastKnownFileType = "wrapper.pb-project"; path = MBTilesQuickLook.xcodeproj; sourceTree = "<group>"; };
		DD6F0D5C13F981140055EFAE /* Cocoa.framework */ = {isa = PBXFileReference; lastKnownFileType = wrapper.framework; name = Cocoa.framework; path = System/Library/Frameworks/Cocoa.framework; sourceTree = SDKROOT; };
		DD6F0DB213F989210055EFAE /* MBTiles Spotlight Importer.xcodeproj */ = {isa = PBXFileReference; lastKnownFileType = "wrapper.pb-project"; name = "MBTiles Spotlight Importer.xcodeproj"; path = "MBTiles Spotlight Importer/MBTiles Spotlight Importer.xcodeproj"; sourceTree = "<group>"; };
/* End PBXFileReference section */

/* Begin PBXFrameworksBuildPhase section */
		8D11072E0486CEB800E47090 /* Frameworks */ = {
			isa = PBXFrameworksBuildPhase;
			buildActionMask = 2147483647;
			files = (
				DD6F0D5D13F981140055EFAE /* Cocoa.framework in Frameworks */,
				DD4F9DE2141991A400278ECD /* Security.framework in Frameworks */,
				DD5904CC147AE1A900BF4AD0 /* WebKit.framework in Frameworks */,
			);
			runOnlyForDeploymentPostprocessing = 0;
		};
/* End PBXFrameworksBuildPhase section */

/* Begin PBXGroup section */
		080E96DDFE201D6D7F000001 /* Process Management */ = {
			isa = PBXGroup;
			children = (
				35D15E0C13D25D9D003244AE /* TileMillChildProcess.h */,
				35D15E0D13D25D9D003244AE /* TileMillChildProcess.m */,
				DD0A9E7F17CC1F16009BA944 /* TileMillDatabaseWatcher.h */,
				DD0A9E8017CC1F16009BA944 /* TileMillDatabaseWatcher.m */,
			);
			name = "Process Management";
			sourceTree = "<group>";
		};
		19C28FACFE9D520D11CA2CBB /* Products */ = {
			isa = PBXGroup;
			children = (
				8D1107320486CEB800E47090 /* TileMill.app */,
			);
			name = Products;
			sourceTree = "<group>";
		};
		29B97314FDCFA39411CA2CEA /* tilemill */ = {
			isa = PBXGroup;
			children = (
				DD1081EF13F9ADD8001772BE /* Main */,
				080E96DDFE201D6D7F000001 /* Process Management */,
				DD6F0CE613F974D00055EFAE /* Subprojects */,
				DD820DE313FAC22600685B10 /* Externals */,
				29B97315FDCFA39411CA2CEA /* Other Sources */,
				29B97317FDCFA39411CA2CEA /* Resources */,
				29B97323FDCFA39411CA2CEA /* Frameworks */,
				19C28FACFE9D520D11CA2CBB /* Products */,
			);
			name = tilemill;
			sourceTree = "<group>";
		};
		29B97315FDCFA39411CA2CEA /* Other Sources */ = {
			isa = PBXGroup;
			children = (
				256AC3F00F4B6AF500CF3369 /* tilemill_Prefix.pch */,
				29B97316FDCFA39411CA2CEA /* main.m */,
			);
			name = "Other Sources";
			sourceTree = "<group>";
		};
		29B97317FDCFA39411CA2CEA /* Resources */ = {
			isa = PBXGroup;
			children = (
				D738213B13EB4FE500639A03 /* application.icns */,
				D738213E13EB500C00639A03 /* tilemill.icns */,
				D745087813E9EC160020D8CD /* mbtiles.icns */,
				8D1107310486CEB800E47090 /* tilemill-Info.plist */,
				089C165CFE840E0CC02AAC07 /* InfoPlist.strings */,
				1DDD58140DA1D0A300B32029 /* MainMenu.xib */,
				DD49236A1403254D0004E12F /* dsa_public.pem */,
				DD0C4C2518C11F6600515E1C /* tilemill.sh */,
			);
			name = Resources;
			sourceTree = "<group>";
		};
		29B97323FDCFA39411CA2CEA /* Frameworks */ = {
			isa = PBXGroup;
			children = (
				DD6F0D5C13F981140055EFAE /* Cocoa.framework */,
				DD4F9DE1141991A400278ECD /* Security.framework */,
				DD5904CB147AE1A900BF4AD0 /* WebKit.framework */,
			);
			name = Frameworks;
			sourceTree = "<group>";
		};
		557C0F0213EC886B004FB40C /* QuickLook Plugin */ = {
			isa = PBXGroup;
			children = (
				DD6F0D4713F97F120055EFAE /* MBTilesQuickLook.xcodeproj */,
			);
			name = "QuickLook Plugin";
			path = MBTilesQuickLook;
			sourceTree = "<group>";
		};
		DD1081EF13F9ADD8001772BE /* Main */ = {
			isa = PBXGroup;
			children = (
				35B36EA113D260C6006C72ED /* TileMillAppDelegate.h */,
				35B36EA213D260C6006C72ED /* TileMillAppDelegate.m */,
				DD35FE0014461B8A00455DAA /* TileMillBrowserWindowController.h */,
				DD35FE0114461B8A00455DAA /* TileMillBrowserWindowController.m */,
				DD35FE0314461BA900455DAA /* TileMillBrowserWindow.xib */,
			);
			name = Main;
			sourceTree = "<group>";
		};
		DD4F9DD91419912E00278ECD /* LetsMove */ = {
			isa = PBXGroup;
			children = (
				DD4F9DE31419923C00278ECD /* NSString+SymlinksAndAliases.h */,
				DD4F9DE41419923C00278ECD /* NSString+SymlinksAndAliases.m */,
				DD4F9DDA1419914400278ECD /* PFMoveApplication.h */,
				DD4F9DDB1419914400278ECD /* PFMoveApplication.m */,
			);
			name = LetsMove;
			sourceTree = "<group>";
		};
		DD6F0CE613F974D00055EFAE /* Subprojects */ = {
			isa = PBXGroup;
			children = (
				557C0F0213EC886B004FB40C /* QuickLook Plugin */,
				DD6F0DB113F989100055EFAE /* Spotlight Importer */,
			);
			name = Subprojects;
			sourceTree = "<group>";
		};
		DD6F0D4813F97F120055EFAE /* Products */ = {
			isa = PBXGroup;
			children = (
				DD6F0D4F13F97F120055EFAE /* MBTiles.qlgenerator */,
			);
			name = Products;
			sourceTree = "<group>";
		};
		DD6F0DB113F989100055EFAE /* Spotlight Importer */ = {
			isa = PBXGroup;
			children = (
				DD6F0DB213F989210055EFAE /* MBTiles Spotlight Importer.xcodeproj */,
			);
			name = "Spotlight Importer";
			sourceTree = "<group>";
		};
		DD6F0DB313F989210055EFAE /* Products */ = {
			isa = PBXGroup;
			children = (
				DD6F0DBA13F989220055EFAE /* MBTiles.mdimporter */,
			);
			name = Products;
			sourceTree = "<group>";
		};
		DD820DE313FAC22600685B10 /* Externals */ = {
			isa = PBXGroup;
			children = (
				DD4F9DD91419912E00278ECD /* LetsMove */,
			);
			name = Externals;
			sourceTree = "<group>";
		};
/* End PBXGroup section */

/* Begin PBXNativeTarget section */
		8D1107260486CEB800E47090 /* TileMill */ = {
			isa = PBXNativeTarget;
			buildConfigurationList = C01FCF4A08A954540054247B /* Build configuration list for PBXNativeTarget "TileMill" */;
			buildPhases = (
				D745083413E8686D0020D8CD /* Update Bundle Version */,
				8D1107290486CEB800E47090 /* Resources */,
				DD6F0D5E13F981820055EFAE /* Copy QuickLook Plugin */,
				DD6F0DBD13F989380055EFAE /* Copy Spotlight Importer */,
				DDE496FD13FEAD63006E35F3 /* Copy Frameworks */,
				8D11072C0486CEB800E47090 /* Sources */,
				8D11072E0486CEB800E47090 /* Frameworks */,
				DD07C1F018C1145F0073E66D /* Setup Node & TileMill Subsystem */,
			);
			buildRules = (
			);
			dependencies = (
				DD6F0DBC13F9892F0055EFAE /* PBXTargetDependency */,
				DD6F0D6013F981A50055EFAE /* PBXTargetDependency */,
			);
			name = TileMill;
			productInstallPath = "$(HOME)/Applications";
			productName = tilemill;
			productReference = 8D1107320486CEB800E47090 /* TileMill.app */;
			productType = "com.apple.product-type.application";
		};
/* End PBXNativeTarget section */

/* Begin PBXProject section */
		29B97313FDCFA39411CA2CEA /* Project object */ = {
			isa = PBXProject;
			attributes = {
				LastUpgradeCheck = 0440;
			};
			buildConfigurationList = C01FCF4E08A954540054247B /* Build configuration list for PBXProject "TileMill" */;
			compatibilityVersion = "Xcode 3.2";
			developmentRegion = English;
			hasScannedForEncodings = 1;
			knownRegions = (
				English,
				Japanese,
				French,
				German,
				en,
			);
			mainGroup = 29B97314FDCFA39411CA2CEA /* tilemill */;
			projectDirPath = "";
			projectReferences = (
				{
					ProductGroup = DD6F0DB313F989210055EFAE /* Products */;
					ProjectRef = DD6F0DB213F989210055EFAE /* MBTiles Spotlight Importer.xcodeproj */;
				},
				{
					ProductGroup = DD6F0D4813F97F120055EFAE /* Products */;
					ProjectRef = DD6F0D4713F97F120055EFAE /* MBTilesQuickLook.xcodeproj */;
				},
			);
			projectRoot = "";
			targets = (
				8D1107260486CEB800E47090 /* TileMill */,
			);
		};
/* End PBXProject section */

/* Begin PBXReferenceProxy section */
		DD6F0D4F13F97F120055EFAE /* MBTiles.qlgenerator */ = {
			isa = PBXReferenceProxy;
			fileType = wrapper.cfbundle;
			path = MBTiles.qlgenerator;
			remoteRef = DD6F0D4E13F97F120055EFAE /* PBXContainerItemProxy */;
			sourceTree = BUILT_PRODUCTS_DIR;
		};
		DD6F0DBA13F989220055EFAE /* MBTiles.mdimporter */ = {
			isa = PBXReferenceProxy;
			fileType = wrapper.cfbundle;
			path = MBTiles.mdimporter;
			remoteRef = DD6F0DB913F989220055EFAE /* PBXContainerItemProxy */;
			sourceTree = BUILT_PRODUCTS_DIR;
		};
/* End PBXReferenceProxy section */

/* Begin PBXResourcesBuildPhase section */
		8D1107290486CEB800E47090 /* Resources */ = {
			isa = PBXResourcesBuildPhase;
			buildActionMask = 2147483647;
			files = (
				8D11072B0486CEB800E47090 /* InfoPlist.strings in Resources */,
				1DDD58160DA1D0A300B32029 /* MainMenu.xib in Resources */,
				D745087913E9EC160020D8CD /* mbtiles.icns in Resources */,
				D738213C13EB4FE500639A03 /* application.icns in Resources */,
				DD0C4C2618C11F6600515E1C /* tilemill.sh in Resources */,
				D738213F13EB500D00639A03 /* tilemill.icns in Resources */,
				DD49236B1403254D0004E12F /* dsa_public.pem in Resources */,
				DD35FE0414461BA900455DAA /* TileMillBrowserWindow.xib in Resources */,
			);
			runOnlyForDeploymentPostprocessing = 0;
		};
/* End PBXResourcesBuildPhase section */

/* Begin PBXShellScriptBuildPhase section */
		D745083413E8686D0020D8CD /* Update Bundle Version */ = {
			isa = PBXShellScriptBuildPhase;
			buildActionMask = 2147483647;
			files = (
			);
			inputPaths = (
			);
			name = "Update Bundle Version";
			outputPaths = (
			);
			runOnlyForDeploymentPostprocessing = 0;
			shellPath = /bin/sh;
			shellScript = "INFO=$( echo $TARGET_BUILD_DIR )/$( echo $INFOPLIST_PATH | sed -e 's/\\.plist$//' )\necho $INFO\nTAG=\nCOMMIT=\nCURRENT=\nCURRENT_BUILD=\nGITPATH=/usr/bin:/usr/local/bin:/usr/local/git/bin\nPATH=$PATH:$GITPATH; export PATH\n\nif [ -z $( which git ) ]; then\n  echo \"Unable to find git binary in \\$GITPATH\"\n  exit 1\nfi\n\nSHORT_VERSION=$( git describe --tags )\nVERSION=$( echo $SHORT_VERSION | sed -e 's/^v//' | sed -e 's/-/./' | sed -e 's/-.*//' )\n\necho $VERSION\n\ndefaults write \"$INFO\" CFBundleShortVersionString $SHORT_VERSION\ndefaults write \"$INFO\" CFBundleVersion $VERSION\n\nchmod 644 \"$INFO.plist\"";
			showEnvVarsInLog = 0;
		};
		DD07C1F018C1145F0073E66D /* Setup Node & TileMill Subsystem */ = {
			isa = PBXShellScriptBuildPhase;
			buildActionMask = 2147483647;
			files = (
			);
			inputPaths = (
			);
			name = "Setup Node & TileMill Subsystem";
			outputPaths = (
			);
			runOnlyForDeploymentPostprocessing = 0;
			shellPath = /bin/sh;
			shellScript = "DEST=\"${TARGET_BUILD_DIR}/${PRODUCT_NAME}.app/Contents/Resources\"\n\necho \"Copying TileMill base and node executable...\"\n\n./copy_tilemill_base.sh $(echo $DEST)\n./copy_node.sh $(echo $DEST)\nchmod +x $(echo $DEST)/index.js\nrm -rf $(echo $DEST)/test";
		};
/* End PBXShellScriptBuildPhase section */

/* Begin PBXSourcesBuildPhase section */
		8D11072C0486CEB800E47090 /* Sources */ = {
			isa = PBXSourcesBuildPhase;
			buildActionMask = 2147483647;
			files = (
				8D11072D0486CEB800E47090 /* main.m in Sources */,
				35D15E0E13D25D9D003244AE /* TileMillChildProcess.m in Sources */,
				35B36EA313D260C6006C72ED /* TileMillAppDelegate.m in Sources */,
				DD0A9E8117CC1F16009BA944 /* TileMillDatabaseWatcher.m in Sources */,
				DD4F9DDC1419914400278ECD /* PFMoveApplication.m in Sources */,
				DD4F9DE51419923C00278ECD /* NSString+SymlinksAndAliases.m in Sources */,
				DD35FE0214461B8A00455DAA /* TileMillBrowserWindowController.m in Sources */,
			);
			runOnlyForDeploymentPostprocessing = 0;
		};
/* End PBXSourcesBuildPhase section */

/* Begin PBXTargetDependency section */
		DD6F0D6013F981A50055EFAE /* PBXTargetDependency */ = {
			isa = PBXTargetDependency;
			name = MBTilesQuickLook;
			targetProxy = DD6F0D5F13F981A50055EFAE /* PBXContainerItemProxy */;
		};
		DD6F0DBC13F9892F0055EFAE /* PBXTargetDependency */ = {
			isa = PBXTargetDependency;
			name = "MBTiles Spotlight Importer";
			targetProxy = DD6F0DBB13F9892F0055EFAE /* PBXContainerItemProxy */;
		};
/* End PBXTargetDependency section */

/* Begin PBXVariantGroup section */
		089C165CFE840E0CC02AAC07 /* InfoPlist.strings */ = {
			isa = PBXVariantGroup;
			children = (
				089C165DFE840E0CC02AAC07 /* English */,
			);
			name = InfoPlist.strings;
			sourceTree = "<group>";
		};
		1DDD58140DA1D0A300B32029 /* MainMenu.xib */ = {
			isa = PBXVariantGroup;
			children = (
				1DDD58150DA1D0A300B32029 /* English */,
			);
			name = MainMenu.xib;
			sourceTree = "<group>";
		};
/* End PBXVariantGroup section */

/* Begin XCBuildConfiguration section */
		C01FCF4B08A954540054247B /* Debug */ = {
			isa = XCBuildConfiguration;
			buildSettings = {
				ALWAYS_SEARCH_USER_PATHS = NO;
				ARCHS = "$(ARCHS_STANDARD_64_BIT)";
				CLANG_ENABLE_OBJC_ARC = YES;
				COMBINE_HIDPI_IMAGES = YES;
				COPY_PHASE_STRIP = NO;
				FRAMEWORK_SEARCH_PATHS = (
					"$(inherited)",
					"\"$(SRCROOT)/Externals/Sparkle\"",
				);
				GCC_DYNAMIC_NO_PIC = NO;
				GCC_MODEL_TUNING = G5;
				GCC_OPTIMIZATION_LEVEL = 0;
				GCC_PRECOMPILE_PREFIX_HEADER = YES;
				GCC_PREFIX_HEADER = tilemill_Prefix.pch;
				GCC_VERSION = com.apple.compilers.llvm.clang.1_0;
				HEADER_SEARCH_PATHS = "\"$(SRCROOT)/Externals/Sparkle\"";
				INFOPLIST_FILE = "tilemill-Info.plist";
				INSTALL_PATH = "$(HOME)/Applications";
				MACOSX_DEPLOYMENT_TARGET = 10.6;
				PRODUCT_NAME = TileMill;
			};
			name = Debug;
		};
		C01FCF4C08A954540054247B /* Release */ = {
			isa = XCBuildConfiguration;
			buildSettings = {
				ALWAYS_SEARCH_USER_PATHS = NO;
				ARCHS = "$(ARCHS_STANDARD_64_BIT)";
				CLANG_ENABLE_OBJC_ARC = YES;
				COMBINE_HIDPI_IMAGES = YES;
				DEBUG_INFORMATION_FORMAT = "dwarf-with-dsym";
				FRAMEWORK_SEARCH_PATHS = (
					"$(inherited)",
					"\"$(SRCROOT)/Externals/Sparkle\"",
				);
				GCC_MODEL_TUNING = G5;
				GCC_PRECOMPILE_PREFIX_HEADER = YES;
				GCC_PREFIX_HEADER = tilemill_Prefix.pch;
				GCC_VERSION = com.apple.compilers.llvm.clang.1_0;
				HEADER_SEARCH_PATHS = "\"$(SRCROOT)/Externals/Sparkle\"";
				INFOPLIST_FILE = "tilemill-Info.plist";
				INSTALL_PATH = "$(HOME)/Applications";
				MACOSX_DEPLOYMENT_TARGET = 10.6;
				PRODUCT_NAME = TileMill;
			};
			name = Release;
		};
		C01FCF4F08A954540054247B /* Debug */ = {
			isa = XCBuildConfiguration;
			buildSettings = {
				ARCHS = "$(ARCHS_STANDARD_64_BIT)";
				GCC_C_LANGUAGE_STANDARD = gnu99;
				GCC_OPTIMIZATION_LEVEL = 0;
				GCC_VERSION = "";
				GCC_WARN_ABOUT_RETURN_TYPE = YES;
				GCC_WARN_UNUSED_VARIABLE = YES;
				ONLY_ACTIVE_ARCH = YES;
				SDKROOT = macosx;
			};
			name = Debug;
		};
		C01FCF5008A954540054247B /* Release */ = {
			isa = XCBuildConfiguration;
			buildSettings = {
				ARCHS = "$(ARCHS_STANDARD_64_BIT)";
				GCC_C_LANGUAGE_STANDARD = gnu99;
				GCC_WARN_ABOUT_RETURN_TYPE = YES;
				GCC_WARN_UNUSED_VARIABLE = YES;
				SDKROOT = macosx;
			};
			name = Release;
		};
/* End XCBuildConfiguration section */

/* Begin XCConfigurationList section */
		C01FCF4A08A954540054247B /* Build configuration list for PBXNativeTarget "TileMill" */ = {
			isa = XCConfigurationList;
			buildConfigurations = (
				C01FCF4B08A954540054247B /* Debug */,
				C01FCF4C08A954540054247B /* Release */,
			);
			defaultConfigurationIsVisible = 0;
			defaultConfigurationName = Release;
		};
		C01FCF4E08A954540054247B /* Build configuration list for PBXProject "TileMill" */ = {
			isa = XCConfigurationList;
			buildConfigurations = (
				C01FCF4F08A954540054247B /* Debug */,
				C01FCF5008A954540054247B /* Release */,
			);
			defaultConfigurationIsVisible = 0;
			defaultConfigurationName = Release;
		};
/* End XCConfigurationList section */
	};
	rootObject = 29B97313FDCFA39411CA2CEA /* Project object */;
}
