// !$*UTF8*$!
{
	archiveVersion = 1;
	classes = {
	};
	objectVersion = 46;
	objects = {

/* Begin PBXBuildFile section */
		1DDD58160DA1D0A300B32029 /* MainMenu.xib in Resources */ = {isa = PBXBuildFile; fileRef = 1DDD58140DA1D0A300B32029 /* MainMenu.xib */; };
		35B36EA313D260C6006C72ED /* TileMillAppDelegate.m in Sources */ = {isa = PBXBuildFile; fileRef = 35B36EA213D260C6006C72ED /* TileMillAppDelegate.m */; };
		35D15E0E13D25D9D003244AE /* TileMillChildProcess.m in Sources */ = {isa = PBXBuildFile; fileRef = 35D15E0D13D25D9D003244AE /* TileMillChildProcess.m */; };
		8D11072B0486CEB800E47090 /* InfoPlist.strings in Resources */ = {isa = PBXBuildFile; fileRef = 089C165CFE840E0CC02AAC07 /* InfoPlist.strings */; };
		8D11072D0486CEB800E47090 /* main.m in Sources */ = {isa = PBXBuildFile; fileRef = 29B97316FDCFA39411CA2CEA /* main.m */; settings = {ATTRIBUTES = (); }; };
		D738213C13EB4FE500639A03 /* application.icns in Resources */ = {isa = PBXBuildFile; fileRef = D738213B13EB4FE500639A03 /* application.icns */; };
		D738213F13EB500D00639A03 /* tilemill.icns in Resources */ = {isa = PBXBuildFile; fileRef = D738213E13EB500C00639A03 /* tilemill.icns */; };
		D745087913E9EC160020D8CD /* mbtiles.icns in Resources */ = {isa = PBXBuildFile; fileRef = D745087813E9EC160020D8CD /* mbtiles.icns */; };
		D76FF918147DB3DA002D94C1 /* TileMillVersionComparator.m in Sources */ = {isa = PBXBuildFile; fileRef = D76FF917147DB3DA002D94C1 /* TileMillVersionComparator.m */; };
		DD05482F14226B8100D7C317 /* tilemill in Resources */ = {isa = PBXBuildFile; fileRef = DD05482E14226B8100D7C317 /* tilemill */; };
		DD1081DF13F9A5DB001772BE /* TileMillPrefsWindow.xib in Resources */ = {isa = PBXBuildFile; fileRef = DD1081DE13F9A5DB001772BE /* TileMillPrefsWindow.xib */; };
		DD1081EE13F9AA4F001772BE /* TileMillPrefsWindowController.m in Sources */ = {isa = PBXBuildFile; fileRef = DD1081ED13F9AA4F001772BE /* TileMillPrefsWindowController.m */; };
		DD35FE0214461B8A00455DAA /* TileMillBrowserWindowController.m in Sources */ = {isa = PBXBuildFile; fileRef = DD35FE0114461B8A00455DAA /* TileMillBrowserWindowController.m */; };
		DD35FE0414461BA900455DAA /* TileMillBrowserWindow.xib in Resources */ = {isa = PBXBuildFile; fileRef = DD35FE0314461BA900455DAA /* TileMillBrowserWindow.xib */; };
		DD49236B1403254D0004E12F /* dsa_public.pem in Resources */ = {isa = PBXBuildFile; fileRef = DD49236A1403254D0004E12F /* dsa_public.pem */; };
		DD4F9DDC1419914400278ECD /* PFMoveApplication.m in Sources */ = {isa = PBXBuildFile; fileRef = DD4F9DDB1419914400278ECD /* PFMoveApplication.m */; };
		DD4F9DE2141991A400278ECD /* Security.framework in Frameworks */ = {isa = PBXBuildFile; fileRef = DD4F9DE1141991A400278ECD /* Security.framework */; };
		DD4F9DE51419923C00278ECD /* NSString+SymlinksAndAliases.m in Sources */ = {isa = PBXBuildFile; fileRef = DD4F9DE41419923C00278ECD /* NSString+SymlinksAndAliases.m */; };
		DD5904CC147AE1A900BF4AD0 /* WebKit.framework in Frameworks */ = {isa = PBXBuildFile; fileRef = DD5904CB147AE1A900BF4AD0 /* WebKit.framework */; };
		DD6F0D5D13F981140055EFAE /* Cocoa.framework in Frameworks */ = {isa = PBXBuildFile; fileRef = DD6F0D5C13F981140055EFAE /* Cocoa.framework */; };
		DD6F0D6113F982770055EFAE /* MBTiles.qlgenerator in Copy QuickLook Plugin */ = {isa = PBXBuildFile; fileRef = DD6F0D4F13F97F120055EFAE /* MBTiles.qlgenerator */; };
		DD6F0DBE13F989550055EFAE /* MBTiles.mdimporter in Copy Spotlight Importer */ = {isa = PBXBuildFile; fileRef = DD6F0DBA13F989220055EFAE /* MBTiles.mdimporter */; };
		DD820DE713FAC27600685B10 /* JSONKit.m in Sources */ = {isa = PBXBuildFile; fileRef = DD820DE613FAC27600685B10 /* JSONKit.m */; };
		DDE4970213FEAEE0006E35F3 /* Sparkle.framework in Frameworks */ = {isa = PBXBuildFile; fileRef = DDE4970013FEADC1006E35F3 /* Sparkle.framework */; };
		DDE4970313FEAEE8006E35F3 /* Sparkle.framework in Copy Frameworks */ = {isa = PBXBuildFile; fileRef = DDE4970013FEADC1006E35F3 /* Sparkle.framework */; };
/* End PBXBuildFile section */

/* Begin PBXContainerItemProxy section */
		DD6F0D4E13F97F120055EFAE /* PBXContainerItemProxy */ = {
			isa = PBXContainerItemProxy;
			containerPortal = DD6F0D4713F97F120055EFAE /* MBTilesQuickLook.xcodeproj */;
			proxyType = 2;
			remoteGlobalIDString = 5504854313EAF31D0001DFFD;
			remoteInfo = MBTilesQuickLook;
		};
		DD6F0D5F13F981A50055EFAE /* PBXContainerItemProxy */ = {
			isa = PBXContainerItemProxy;
			containerPortal = DD6F0D4713F97F120055EFAE /* MBTilesQuickLook.xcodeproj */;
			proxyType = 1;
			remoteGlobalIDString = 5504854213EAF31D0001DFFD;
			remoteInfo = MBTilesQuickLook;
		};
		DD6F0DB913F989220055EFAE /* PBXContainerItemProxy */ = {
			isa = PBXContainerItemProxy;
			containerPortal = DD6F0DB213F989210055EFAE /* MBTiles Spotlight Importer.xcodeproj */;
			proxyType = 2;
			remoteGlobalIDString = 8D576316048677EA00EA77CD;
			remoteInfo = "MBTiles Spotlight Importer";
		};
		DD6F0DBB13F9892F0055EFAE /* PBXContainerItemProxy */ = {
			isa = PBXContainerItemProxy;
			containerPortal = DD6F0DB213F989210055EFAE /* MBTiles Spotlight Importer.xcodeproj */;
			proxyType = 1;
			remoteGlobalIDString = 8D57630D048677EA00EA77CD;
			remoteInfo = "MBTiles Spotlight Importer";
		};
/* End PBXContainerItemProxy section */

/* Begin PBXCopyFilesBuildPhase section */
		DD6F0D5E13F981820055EFAE /* Copy QuickLook Plugin */ = {
			isa = PBXCopyFilesBuildPhase;
			buildActionMask = 2147483647;
			dstPath = Contents/Library/QuickLook;
			dstSubfolderSpec = 1;
			files = (
				DD6F0D6113F982770055EFAE /* MBTiles.qlgenerator in Copy QuickLook Plugin */,
			);
			name = "Copy QuickLook Plugin";
			runOnlyForDeploymentPostprocessing = 0;
		};
		DD6F0DBD13F989380055EFAE /* Copy Spotlight Importer */ = {
			isa = PBXCopyFilesBuildPhase;
			buildActionMask = 2147483647;
			dstPath = Contents/Library/Spotlight;
			dstSubfolderSpec = 1;
			files = (
				DD6F0DBE13F989550055EFAE /* MBTiles.mdimporter in Copy Spotlight Importer */,
			);
			name = "Copy Spotlight Importer";
			runOnlyForDeploymentPostprocessing = 0;
		};
		DDE496FD13FEAD63006E35F3 /* Copy Frameworks */ = {
			isa = PBXCopyFilesBuildPhase;
			buildActionMask = 2147483647;
			dstPath = "";
			dstSubfolderSpec = 10;
			files = (
				DDE4970313FEAEE8006E35F3 /* Sparkle.framework in Copy Frameworks */,
			);
			name = "Copy Frameworks";
			runOnlyForDeploymentPostprocessing = 0;
		};
/* End PBXCopyFilesBuildPhase section */

/* Begin PBXFileReference section */
		089C165DFE840E0CC02AAC07 /* English */ = {isa = PBXFileReference; fileEncoding = 4; lastKnownFileType = text.plist.strings; name = English; path = English.lproj/InfoPlist.strings; sourceTree = "<group>"; };
		1DDD58150DA1D0A300B32029 /* English */ = {isa = PBXFileReference; lastKnownFileType = file.xib; name = English; path = English.lproj/MainMenu.xib; sourceTree = "<group>"; };
		256AC3F00F4B6AF500CF3369 /* tilemill_Prefix.pch */ = {isa = PBXFileReference; fileEncoding = 4; lastKnownFileType = sourcecode.c.h; path = tilemill_Prefix.pch; sourceTree = "<group>"; };
		29B97316FDCFA39411CA2CEA /* main.m */ = {isa = PBXFileReference; fileEncoding = 4; lastKnownFileType = sourcecode.c.objc; path = main.m; sourceTree = "<group>"; };
		35B36EA113D260C6006C72ED /* TileMillAppDelegate.h */ = {isa = PBXFileReference; fileEncoding = 4; lastKnownFileType = sourcecode.c.h; path = TileMillAppDelegate.h; sourceTree = "<group>"; };
		35B36EA213D260C6006C72ED /* TileMillAppDelegate.m */ = {isa = PBXFileReference; fileEncoding = 4; lastKnownFileType = sourcecode.c.objc; path = TileMillAppDelegate.m; sourceTree = "<group>"; };
		35D15E0C13D25D9D003244AE /* TileMillChildProcess.h */ = {isa = PBXFileReference; fileEncoding = 4; lastKnownFileType = sourcecode.c.h; path = TileMillChildProcess.h; sourceTree = "<group>"; };
		35D15E0D13D25D9D003244AE /* TileMillChildProcess.m */ = {isa = PBXFileReference; fileEncoding = 4; lastKnownFileType = sourcecode.c.objc; path = TileMillChildProcess.m; sourceTree = "<group>"; };
		8D1107310486CEB800E47090 /* tilemill-Info.plist */ = {isa = PBXFileReference; fileEncoding = 4; lastKnownFileType = text.plist.xml; path = "tilemill-Info.plist"; sourceTree = "<group>"; };
		8D1107320486CEB800E47090 /* TileMill.app */ = {isa = PBXFileReference; explicitFileType = wrapper.application; includeInIndex = 0; path = TileMill.app; sourceTree = BUILT_PRODUCTS_DIR; };
		D738213B13EB4FE500639A03 /* application.icns */ = {isa = PBXFileReference; lastKnownFileType = image.icns; path = application.icns; sourceTree = "<group>"; };
		D738213E13EB500C00639A03 /* tilemill.icns */ = {isa = PBXFileReference; lastKnownFileType = image.icns; path = tilemill.icns; sourceTree = "<group>"; };
		D745087813E9EC160020D8CD /* mbtiles.icns */ = {isa = PBXFileReference; lastKnownFileType = image.icns; path = mbtiles.icns; sourceTree = "<group>"; };
		D76FF916147DB3DA002D94C1 /* TileMillVersionComparator.h */ = {isa = PBXFileReference; fileEncoding = 4; lastKnownFileType = sourcecode.c.h; path = TileMillVersionComparator.h; sourceTree = "<group>"; };
		D76FF917147DB3DA002D94C1 /* TileMillVersionComparator.m */ = {isa = PBXFileReference; fileEncoding = 4; lastKnownFileType = sourcecode.c.objc; path = TileMillVersionComparator.m; sourceTree = "<group>"; };
		DD05482E14226B8100D7C317 /* tilemill */ = {isa = PBXFileReference; fileEncoding = 4; lastKnownFileType = text.script.sh; path = tilemill; sourceTree = "<group>"; };
		DD1081DE13F9A5DB001772BE /* TileMillPrefsWindow.xib */ = {isa = PBXFileReference; fileEncoding = 4; lastKnownFileType = file.xib; path = TileMillPrefsWindow.xib; sourceTree = "<group>"; };
		DD1081EC13F9AA4F001772BE /* TileMillPrefsWindowController.h */ = {isa = PBXFileReference; fileEncoding = 4; lastKnownFileType = sourcecode.c.h; path = TileMillPrefsWindowController.h; sourceTree = "<group>"; };
		DD1081ED13F9AA4F001772BE /* TileMillPrefsWindowController.m */ = {isa = PBXFileReference; fileEncoding = 4; lastKnownFileType = sourcecode.c.objc; path = TileMillPrefsWindowController.m; sourceTree = "<group>"; };
		DD35FE0014461B8A00455DAA /* TileMillBrowserWindowController.h */ = {isa = PBXFileReference; fileEncoding = 4; lastKnownFileType = sourcecode.c.h; path = TileMillBrowserWindowController.h; sourceTree = "<group>"; };
		DD35FE0114461B8A00455DAA /* TileMillBrowserWindowController.m */ = {isa = PBXFileReference; fileEncoding = 4; lastKnownFileType = sourcecode.c.objc; path = TileMillBrowserWindowController.m; sourceTree = "<group>"; };
		DD35FE0314461BA900455DAA /* TileMillBrowserWindow.xib */ = {isa = PBXFileReference; fileEncoding = 4; lastKnownFileType = file.xib; path = TileMillBrowserWindow.xib; sourceTree = "<group>"; };
		DD49236A1403254D0004E12F /* dsa_public.pem */ = {isa = PBXFileReference; fileEncoding = 4; lastKnownFileType = text; path = dsa_public.pem; sourceTree = "<group>"; };
		DD4F9DDA1419914400278ECD /* PFMoveApplication.h */ = {isa = PBXFileReference; fileEncoding = 4; lastKnownFileType = sourcecode.c.h; name = PFMoveApplication.h; path = Externals/LetsMove/PFMoveApplication.h; sourceTree = "<group>"; };
		DD4F9DDB1419914400278ECD /* PFMoveApplication.m */ = {isa = PBXFileReference; fileEncoding = 4; lastKnownFileType = sourcecode.c.objc; name = PFMoveApplication.m; path = Externals/LetsMove/PFMoveApplication.m; sourceTree = "<group>"; };
		DD4F9DE1141991A400278ECD /* Security.framework */ = {isa = PBXFileReference; lastKnownFileType = wrapper.framework; name = Security.framework; path = System/Library/Frameworks/Security.framework; sourceTree = SDKROOT; };
		DD4F9DE31419923C00278ECD /* NSString+SymlinksAndAliases.h */ = {isa = PBXFileReference; fileEncoding = 4; lastKnownFileType = sourcecode.c.h; name = "NSString+SymlinksAndAliases.h"; path = "Externals/LetsMove/NSString+SymlinksAndAliases.h"; sourceTree = "<group>"; };
		DD4F9DE41419923C00278ECD /* NSString+SymlinksAndAliases.m */ = {isa = PBXFileReference; fileEncoding = 4; lastKnownFileType = sourcecode.c.objc; name = "NSString+SymlinksAndAliases.m"; path = "Externals/LetsMove/NSString+SymlinksAndAliases.m"; sourceTree = "<group>"; };
		DD5904CB147AE1A900BF4AD0 /* WebKit.framework */ = {isa = PBXFileReference; lastKnownFileType = wrapper.framework; name = WebKit.framework; path = System/Library/Frameworks/WebKit.framework; sourceTree = SDKROOT; };
		DD6F0D4713F97F120055EFAE /* MBTilesQuickLook.xcodeproj */ = {isa = PBXFileReference; lastKnownFileType = "wrapper.pb-project"; path = MBTilesQuickLook.xcodeproj; sourceTree = "<group>"; };
		DD6F0D5C13F981140055EFAE /* Cocoa.framework */ = {isa = PBXFileReference; lastKnownFileType = wrapper.framework; name = Cocoa.framework; path = System/Library/Frameworks/Cocoa.framework; sourceTree = SDKROOT; };
		DD6F0DB213F989210055EFAE /* MBTiles Spotlight Importer.xcodeproj */ = {isa = PBXFileReference; lastKnownFileType = "wrapper.pb-project"; name = "MBTiles Spotlight Importer.xcodeproj"; path = "MBTiles Spotlight Importer/MBTiles Spotlight Importer.xcodeproj"; sourceTree = "<group>"; };
		DD820DE513FAC27600685B10 /* JSONKit.h */ = {isa = PBXFileReference; fileEncoding = 4; lastKnownFileType = sourcecode.c.h; name = JSONKit.h; path = Externals/JSONKit/JSONKit.h; sourceTree = "<group>"; };
		DD820DE613FAC27600685B10 /* JSONKit.m */ = {isa = PBXFileReference; fileEncoding = 4; lastKnownFileType = sourcecode.c.objc; name = JSONKit.m; path = Externals/JSONKit/JSONKit.m; sourceTree = "<group>"; };
		DDE4970013FEADC1006E35F3 /* Sparkle.framework */ = {isa = PBXFileReference; lastKnownFileType = wrapper.framework; name = Sparkle.framework; path = Externals/Sparkle/Sparkle.framework; sourceTree = "<group>"; };
/* End PBXFileReference section */

/* Begin PBXFrameworksBuildPhase section */
		8D11072E0486CEB800E47090 /* Frameworks */ = {
			isa = PBXFrameworksBuildPhase;
			buildActionMask = 2147483647;
			files = (
				DD6F0D5D13F981140055EFAE /* Cocoa.framework in Frameworks */,
				DD4F9DE2141991A400278ECD /* Security.framework in Frameworks */,
				DDE4970213FEAEE0006E35F3 /* Sparkle.framework in Frameworks */,
				DD5904CC147AE1A900BF4AD0 /* WebKit.framework in Frameworks */,
			);
			runOnlyForDeploymentPostprocessing = 0;
		};
/* End PBXFrameworksBuildPhase section */

/* Begin PBXGroup section */
		080E96DDFE201D6D7F000001 /* Process Management */ = {
			isa = PBXGroup;
			children = (
				35D15E0C13D25D9D003244AE /* TileMillChildProcess.h */,
				35D15E0D13D25D9D003244AE /* TileMillChildProcess.m */,
			);
			name = "Process Management";
			sourceTree = "<group>";
		};
		19C28FACFE9D520D11CA2CBB /* Products */ = {
			isa = PBXGroup;
			children = (
				8D1107320486CEB800E47090 /* TileMill.app */,
			);
			name = Products;
			sourceTree = "<group>";
		};
		29B97314FDCFA39411CA2CEA /* tilemill */ = {
			isa = PBXGroup;
			children = (
				DD1081EF13F9ADD8001772BE /* Main */,
				080E96DDFE201D6D7F000001 /* Process Management */,
				DD1081F013F9ADF2001772BE /* Preferences */,
				DD6F0CE613F974D00055EFAE /* Subprojects */,
				DD820DE313FAC22600685B10 /* Externals */,
				29B97315FDCFA39411CA2CEA /* Other Sources */,
				29B97317FDCFA39411CA2CEA /* Resources */,
				29B97323FDCFA39411CA2CEA /* Frameworks */,
				19C28FACFE9D520D11CA2CBB /* Products */,
			);
			name = tilemill;
			sourceTree = "<group>";
		};
		29B97315FDCFA39411CA2CEA /* Other Sources */ = {
			isa = PBXGroup;
			children = (
				256AC3F00F4B6AF500CF3369 /* tilemill_Prefix.pch */,
				29B97316FDCFA39411CA2CEA /* main.m */,
			);
			name = "Other Sources";
			sourceTree = "<group>";
		};
		29B97317FDCFA39411CA2CEA /* Resources */ = {
			isa = PBXGroup;
			children = (
				D738213B13EB4FE500639A03 /* application.icns */,
				D738213E13EB500C00639A03 /* tilemill.icns */,
				D745087813E9EC160020D8CD /* mbtiles.icns */,
				8D1107310486CEB800E47090 /* tilemill-Info.plist */,
				089C165CFE840E0CC02AAC07 /* InfoPlist.strings */,
				1DDD58140DA1D0A300B32029 /* MainMenu.xib */,
				DD49236A1403254D0004E12F /* dsa_public.pem */,
				DD05482E14226B8100D7C317 /* tilemill */,
			);
			name = Resources;
			sourceTree = "<group>";
		};
		29B97323FDCFA39411CA2CEA /* Frameworks */ = {
			isa = PBXGroup;
			children = (
				DD6F0D5C13F981140055EFAE /* Cocoa.framework */,
				DD4F9DE1141991A400278ECD /* Security.framework */,
				DDE4970013FEADC1006E35F3 /* Sparkle.framework */,
				DD5904CB147AE1A900BF4AD0 /* WebKit.framework */,
			);
			name = Frameworks;
			sourceTree = "<group>";
		};
		557C0F0213EC886B004FB40C /* QuickLook Plugin */ = {
			isa = PBXGroup;
			children = (
				DD6F0D4713F97F120055EFAE /* MBTilesQuickLook.xcodeproj */,
			);
			name = "QuickLook Plugin";
			path = MBTilesQuickLook;
			sourceTree = "<group>";
		};
		DD1081EF13F9ADD8001772BE /* Main */ = {
			isa = PBXGroup;
			children = (
				35B36EA113D260C6006C72ED /* TileMillAppDelegate.h */,
				35B36EA213D260C6006C72ED /* TileMillAppDelegate.m */,
				DD35FE0014461B8A00455DAA /* TileMillBrowserWindowController.h */,
				DD35FE0114461B8A00455DAA /* TileMillBrowserWindowController.m */,
				D76FF916147DB3DA002D94C1 /* TileMillVersionComparator.h */,
				D76FF917147DB3DA002D94C1 /* TileMillVersionComparator.m */,
				DD35FE0314461BA900455DAA /* TileMillBrowserWindow.xib */,
			);
			name = Main;
			sourceTree = "<group>";
		};
		DD1081F013F9ADF2001772BE /* Preferences */ = {
			isa = PBXGroup;
			children = (
				DD1081EC13F9AA4F001772BE /* TileMillPrefsWindowController.h */,
				DD1081ED13F9AA4F001772BE /* TileMillPrefsWindowController.m */,
				DD1081DE13F9A5DB001772BE /* TileMillPrefsWindow.xib */,
			);
			name = Preferences;
			sourceTree = "<group>";
		};
		DD4F9DD91419912E00278ECD /* LetsMove */ = {
			isa = PBXGroup;
			children = (
				DD4F9DE31419923C00278ECD /* NSString+SymlinksAndAliases.h */,
				DD4F9DE41419923C00278ECD /* NSString+SymlinksAndAliases.m */,
				DD4F9DDA1419914400278ECD /* PFMoveApplication.h */,
				DD4F9DDB1419914400278ECD /* PFMoveApplication.m */,
			);
			name = LetsMove;
			sourceTree = "<group>";
		};
		DD6F0CE613F974D00055EFAE /* Subprojects */ = {
			isa = PBXGroup;
			children = (
				557C0F0213EC886B004FB40C /* QuickLook Plugin */,
				DD6F0DB113F989100055EFAE /* Spotlight Importer */,
			);
			name = Subprojects;
			sourceTree = "<group>";
		};
		DD6F0D4813F97F120055EFAE /* Products */ = {
			isa = PBXGroup;
			children = (
				DD6F0D4F13F97F120055EFAE /* MBTiles.qlgenerator */,
			);
			name = Products;
			sourceTree = "<group>";
		};
		DD6F0DB113F989100055EFAE /* Spotlight Importer */ = {
			isa = PBXGroup;
			children = (
				DD6F0DB213F989210055EFAE /* MBTiles Spotlight Importer.xcodeproj */,
			);
			name = "Spotlight Importer";
			sourceTree = "<group>";
		};
		DD6F0DB313F989210055EFAE /* Products */ = {
			isa = PBXGroup;
			children = (
				DD6F0DBA13F989220055EFAE /* MBTiles.mdimporter */,
			);
			name = Products;
			sourceTree = "<group>";
		};
		DD820DE313FAC22600685B10 /* Externals */ = {
			isa = PBXGroup;
			children = (
				DD820DE413FAC23C00685B10 /* JSONKit */,
				DD4F9DD91419912E00278ECD /* LetsMove */,
			);
			name = Externals;
			sourceTree = "<group>";
		};
		DD820DE413FAC23C00685B10 /* JSONKit */ = {
			isa = PBXGroup;
			children = (
				DD820DE513FAC27600685B10 /* JSONKit.h */,
				DD820DE613FAC27600685B10 /* JSONKit.m */,
			);
			name = JSONKit;
			sourceTree = "<group>";
		};
/* End PBXGroup section */

/* Begin PBXNativeTarget section */
		8D1107260486CEB800E47090 /* TileMill */ = {
			isa = PBXNativeTarget;
			buildConfigurationList = C01FCF4A08A954540054247B /* Build configuration list for PBXNativeTarget "TileMill" */;
			buildPhases = (
				DDCD7BA81458C14D000DF130 /* Check For TileMill Base */,
				D745083413E8686D0020D8CD /* Update Bundle Version */,
				8D1107290486CEB800E47090 /* Resources */,
				DD66F892142007E0004BF4A3 /* Copy TileMill Base */,
				D7CFB18F13E852550033DFFD /* Copy Node Executable */,
				DD6F0D5E13F981820055EFAE /* Copy QuickLook Plugin */,
				DD6F0DBD13F989380055EFAE /* Copy Spotlight Importer */,
				DDE496FD13FEAD63006E35F3 /* Copy Frameworks */,
				8D11072C0486CEB800E47090 /* Sources */,
				8D11072E0486CEB800E47090 /* Frameworks */,
			);
			buildRules = (
			);
			dependencies = (
				DD6F0DBC13F9892F0055EFAE /* PBXTargetDependency */,
				DD6F0D6013F981A50055EFAE /* PBXTargetDependency */,
			);
			name = TileMill;
			productInstallPath = "$(HOME)/Applications";
			productName = tilemill;
			productReference = 8D1107320486CEB800E47090 /* TileMill.app */;
			productType = "com.apple.product-type.application";
		};
/* End PBXNativeTarget section */

/* Begin PBXProject section */
		29B97313FDCFA39411CA2CEA /* Project object */ = {
			isa = PBXProject;
			attributes = {
				LastUpgradeCheck = 0420;
			};
			buildConfigurationList = C01FCF4E08A954540054247B /* Build configuration list for PBXProject "tilemill" */;
			compatibilityVersion = "Xcode 3.2";
			developmentRegion = English;
			hasScannedForEncodings = 1;
			knownRegions = (
				English,
				Japanese,
				French,
				German,
				en,
			);
			mainGroup = 29B97314FDCFA39411CA2CEA /* tilemill */;
			projectDirPath = "";
			projectReferences = (
				{
					ProductGroup = DD6F0DB313F989210055EFAE /* Products */;
					ProjectRef = DD6F0DB213F989210055EFAE /* MBTiles Spotlight Importer.xcodeproj */;
				},
				{
					ProductGroup = DD6F0D4813F97F120055EFAE /* Products */;
					ProjectRef = DD6F0D4713F97F120055EFAE /* MBTilesQuickLook.xcodeproj */;
				},
			);
			projectRoot = "";
			targets = (
				8D1107260486CEB800E47090 /* TileMill */,
			);
		};
/* End PBXProject section */

/* Begin PBXReferenceProxy section */
		DD6F0D4F13F97F120055EFAE /* MBTiles.qlgenerator */ = {
			isa = PBXReferenceProxy;
			fileType = wrapper.cfbundle;
			path = MBTiles.qlgenerator;
			remoteRef = DD6F0D4E13F97F120055EFAE /* PBXContainerItemProxy */;
			sourceTree = BUILT_PRODUCTS_DIR;
		};
		DD6F0DBA13F989220055EFAE /* MBTiles.mdimporter */ = {
			isa = PBXReferenceProxy;
			fileType = wrapper.cfbundle;
			path = MBTiles.mdimporter;
			remoteRef = DD6F0DB913F989220055EFAE /* PBXContainerItemProxy */;
			sourceTree = BUILT_PRODUCTS_DIR;
		};
/* End PBXReferenceProxy section */

/* Begin PBXResourcesBuildPhase section */
		8D1107290486CEB800E47090 /* Resources */ = {
			isa = PBXResourcesBuildPhase;
			buildActionMask = 2147483647;
			files = (
				8D11072B0486CEB800E47090 /* InfoPlist.strings in Resources */,
				1DDD58160DA1D0A300B32029 /* MainMenu.xib in Resources */,
				D745087913E9EC160020D8CD /* mbtiles.icns in Resources */,
				D738213C13EB4FE500639A03 /* application.icns in Resources */,
				D738213F13EB500D00639A03 /* tilemill.icns in Resources */,
				DD1081DF13F9A5DB001772BE /* TileMillPrefsWindow.xib in Resources */,
				DD49236B1403254D0004E12F /* dsa_public.pem in Resources */,
				DD05482F14226B8100D7C317 /* tilemill in Resources */,
				DD35FE0414461BA900455DAA /* TileMillBrowserWindow.xib in Resources */,
			);
			runOnlyForDeploymentPostprocessing = 0;
		};
/* End PBXResourcesBuildPhase section */

/* Begin PBXShellScriptBuildPhase section */
		D745083413E8686D0020D8CD /* Update Bundle Version */ = {
			isa = PBXShellScriptBuildPhase;
			buildActionMask = 2147483647;
			files = (
			);
			inputPaths = (
			);
			name = "Update Bundle Version";
			outputPaths = (
			);
			runOnlyForDeploymentPostprocessing = 0;
			shellPath = /bin/sh;
			shellScript = "INFO=$( echo $PWD )/tilemill-Info\nTAG=\nCOMMIT=\nCURRENT=\nCURRENT_BUILD=\nGITPATH=/usr/bin:/usr/local/bin:/usr/local/git/bin\nPATH=$PATH:$GITPATH; export PATH\n\nif [ -z $( which git ) ]; then\n  echo \"Unable to find git binary in \\$GITPATH\"\n  exit 1\nfi\n\nTAG=$( git describe --tags --abbrev=0 | sed -e 's/^v//' )\n\nCURRENT=$( defaults read \"$INFO\" CFBundleShortVersionString )\n\nif [ $CURRENT != $TAG ]; then\n    # output for Xcode logging\n    echo \"Updating CFBundleShortVersionString to $TAG\"\n\n    # write it to the Info.plist\n    defaults write \"$INFO\" CFBundleShortVersionString $TAG  \nelse\n    # output for Xcode logging\n    echo \"CFBundleShortVersionString already at $TAG\"\nfi\n\nBUILD=3$( echo $TAG | sed -e 's/\\.//g' )\n\nCURRENT_BUILD=$( defaults read \"$INFO\" CFBundleVersion )\n\nif [ $CURRENT_BUILD != $BUILD ]; then\n    # output for Xcode logging\n    echo \"Updating CFBundleVersion to $BUILD\"\n\n    # write it to the Info.plist\n    defaults write \"$INFO\" CFBundleVersion $BUILD  \nelse\n    # output for Xcode logging\n    echo \"CFBundleVersion already at $BUILD\"\nfi";
			showEnvVarsInLog = 0;
		};
		D7CFB18F13E852550033DFFD /* Copy Node Executable */ = {
			isa = PBXShellScriptBuildPhase;
			buildActionMask = 12;
			files = (
			);
			inputPaths = (
			);
			name = "Copy Node Executable";
			outputPaths = (
			);
			runOnlyForDeploymentPostprocessing = 0;
			shellPath = /bin/sh;
			shellScript = "PATH=$PATH:$HOME/bin:/usr/local/bin\n\nif [ -z $( which node ) ]; then\n  echo \"Unable to find node binary\"\n  exit 1\nfi\n\nTARGET=\"$TARGET_BUILD_DIR/$UNLOCALIZED_RESOURCES_FOLDER_PATH/\"\n# copy node executable\ncp `which node` $TARGET\n# change shebang to use local node\nsed -i.backup 's/#!\\/usr\\/bin\\/env node/#!node/' ${TARGET}index.js\nrm ${TARGET}index.js.backup";
			showEnvVarsInLog = 0;
		};
		DD66F892142007E0004BF4A3 /* Copy TileMill Base */ = {
			isa = PBXShellScriptBuildPhase;
			buildActionMask = 2147483647;
			files = (
			);
			inputPaths = (
			);
			name = "Copy TileMill Base";
			outputPaths = (
			);
			runOnlyForDeploymentPostprocessing = 0;
			shellPath = /bin/sh;
			shellScript = "TARGET=\"$TARGET_BUILD_DIR/$UNLOCALIZED_RESOURCES_FOLDER_PATH\"\n\n#\n# Copy each source item into the bundle if we haven't already.\n# Exclude platform-specific stuff since that's for building.\n#\nfor i in $( ls ../.. | grep -v platforms | grep -v npm-debug.log )\ndo\n  if [ ! -f $TARGET/$i -a ! -d $TARGET/$i ]; then\n    cp -rv ../../$i $TARGET\n  fi\ndone";
		};
		DDCD7BA81458C14D000DF130 /* Check For TileMill Base */ = {
			isa = PBXShellScriptBuildPhase;
			buildActionMask = 2147483647;
			files = (
			);
			inputPaths = (
			);
			name = "Check For TileMill Base";
			outputPaths = (
			);
			runOnlyForDeploymentPostprocessing = 0;
			shellPath = /bin/sh;
			shellScript = "if [ ! -d ../../node_modules ]; then\n  echo \"The underlying TileMill engine needs to be built first. Please see PACKAGE.md or http://mapbox.com/tilemill/docs/source/\"\n  exit 1\nfi";
		};
/* End PBXShellScriptBuildPhase section */

/* Begin PBXSourcesBuildPhase section */
		8D11072C0486CEB800E47090 /* Sources */ = {
			isa = PBXSourcesBuildPhase;
			buildActionMask = 2147483647;
			files = (
				8D11072D0486CEB800E47090 /* main.m in Sources */,
				35D15E0E13D25D9D003244AE /* TileMillChildProcess.m in Sources */,
				35B36EA313D260C6006C72ED /* TileMillAppDelegate.m in Sources */,
				DD1081EE13F9AA4F001772BE /* TileMillPrefsWindowController.m in Sources */,
				DD820DE713FAC27600685B10 /* JSONKit.m in Sources */,
				DD4F9DDC1419914400278ECD /* PFMoveApplication.m in Sources */,
				DD4F9DE51419923C00278ECD /* NSString+SymlinksAndAliases.m in Sources */,
				DD35FE0214461B8A00455DAA /* TileMillBrowserWindowController.m in Sources */,
				D76FF918147DB3DA002D94C1 /* TileMillVersionComparator.m in Sources */,
			);
			runOnlyForDeploymentPostprocessing = 0;
		};
/* End PBXSourcesBuildPhase section */

/* Begin PBXTargetDependency section */
		DD6F0D6013F981A50055EFAE /* PBXTargetDependency */ = {
			isa = PBXTargetDependency;
			name = MBTilesQuickLook;
			targetProxy = DD6F0D5F13F981A50055EFAE /* PBXContainerItemProxy */;
		};
		DD6F0DBC13F9892F0055EFAE /* PBXTargetDependency */ = {
			isa = PBXTargetDependency;
			name = "MBTiles Spotlight Importer";
			targetProxy = DD6F0DBB13F9892F0055EFAE /* PBXContainerItemProxy */;
		};
/* End PBXTargetDependency section */

/* Begin PBXVariantGroup section */
		089C165CFE840E0CC02AAC07 /* InfoPlist.strings */ = {
			isa = PBXVariantGroup;
			children = (
				089C165DFE840E0CC02AAC07 /* English */,
			);
			name = InfoPlist.strings;
			sourceTree = "<group>";
		};
		1DDD58140DA1D0A300B32029 /* MainMenu.xib */ = {
			isa = PBXVariantGroup;
			children = (
				1DDD58150DA1D0A300B32029 /* English */,
			);
			name = MainMenu.xib;
			sourceTree = "<group>";
		};
/* End PBXVariantGroup section */

/* Begin XCBuildConfiguration section */
		C01FCF4B08A954540054247B /* Debug */ = {
			isa = XCBuildConfiguration;
			buildSettings = {
				ALWAYS_SEARCH_USER_PATHS = NO;
				COPY_PHASE_STRIP = NO;
				FRAMEWORK_SEARCH_PATHS = (
					"$(inherited)",
					"\"$(SRCROOT)/Externals/Sparkle\"",
				);
				GCC_DYNAMIC_NO_PIC = NO;
				GCC_MODEL_TUNING = G5;
				GCC_OPTIMIZATION_LEVEL = 0;
				GCC_PRECOMPILE_PREFIX_HEADER = YES;
				GCC_PREFIX_HEADER = tilemill_Prefix.pch;
				INFOPLIST_FILE = "tilemill-Info.plist";
				INSTALL_PATH = "$(HOME)/Applications";
				MACOSX_DEPLOYMENT_TARGET = 10.6;
				PRODUCT_NAME = TileMill;
			};
			name = Debug;
		};
		C01FCF4C08A954540054247B /* Release */ = {
			isa = XCBuildConfiguration;
			buildSettings = {
				ALWAYS_SEARCH_USER_PATHS = NO;
				DEBUG_INFORMATION_FORMAT = "dwarf-with-dsym";
				FRAMEWORK_SEARCH_PATHS = (
					"$(inherited)",
					"\"$(SRCROOT)/Externals/Sparkle\"",
				);
				GCC_MODEL_TUNING = G5;
				GCC_PRECOMPILE_PREFIX_HEADER = YES;
				GCC_PREFIX_HEADER = tilemill_Prefix.pch;
				INFOPLIST_FILE = "tilemill-Info.plist";
				INSTALL_PATH = "$(HOME)/Applications";
				MACOSX_DEPLOYMENT_TARGET = 10.6;
				PRODUCT_NAME = TileMill;
			};
			name = Release;
		};
		C01FCF4F08A954540054247B /* Debug */ = {
			isa = XCBuildConfiguration;
			buildSettings = {
				ARCHS = "$(ARCHS_STANDARD_64_BIT)";
				GCC_C_LANGUAGE_STANDARD = gnu99;
				GCC_OPTIMIZATION_LEVEL = 0;
				GCC_VERSION = "";
				GCC_WARN_ABOUT_RETURN_TYPE = YES;
				GCC_WARN_UNUSED_VARIABLE = YES;
				ONLY_ACTIVE_ARCH = YES;
				SDKROOT = macosx;
			};
			name = Debug;
		};
		C01FCF5008A954540054247B /* Release */ = {
			isa = XCBuildConfiguration;
			buildSettings = {
				ARCHS = "$(ARCHS_STANDARD_32_64_BIT)";
				GCC_C_LANGUAGE_STANDARD = gnu99;
				GCC_WARN_ABOUT_RETURN_TYPE = YES;
				GCC_WARN_UNUSED_VARIABLE = YES;
				SDKROOT = macosx;
			};
			name = Release;
		};
/* End XCBuildConfiguration section */

/* Begin XCConfigurationList section */
		C01FCF4A08A954540054247B /* Build configuration list for PBXNativeTarget "TileMill" */ = {
			isa = XCConfigurationList;
			buildConfigurations = (
				C01FCF4B08A954540054247B /* Debug */,
				C01FCF4C08A954540054247B /* Release */,
			);
			defaultConfigurationIsVisible = 0;
			defaultConfigurationName = Release;
		};
		C01FCF4E08A954540054247B /* Build configuration list for PBXProject "tilemill" */ = {
			isa = XCConfigurationList;
			buildConfigurations = (
				C01FCF4F08A954540054247B /* Debug */,
				C01FCF5008A954540054247B /* Release */,
			);
			defaultConfigurationIsVisible = 0;
			defaultConfigurationName = Release;
		};
/* End XCConfigurationList section */
	};
	rootObject = 29B97313FDCFA39411CA2CEA /* Project object */;
}
